
Microsoft Visual Studio Solution File, Format Version 12.00
# Visual Studio 14
VisualStudioVersion = 14.0.25420.1
MinimumVisualStudioVersion = 10.0.40219.1
Project("{FAE04EC0-301F-11D3-BF4B-00C04F79EFBC}") = "Notch", "Notch\Notch.csproj", "{B25BC51E-EBA9-417A-8F04-1761BA09B778}"
EndProject
Project("{FAE04EC0-301F-11D3-BF4B-00C04F79EFBC}") = "Notch.Infrastructure", "Notch.Infrastructure\Notch.Infrastructure.csproj", "{1D5C9738-E26E-458E-A6CC-F31C193C7B54}"
EndProject
Project("{FAE04EC0-301F-11D3-BF4B-00C04F79EFBC}") = "Notch.Bootstrap", "Notch.Bootstrap\Notch.Bootstrap.csproj", "{2A2900DA-AB37-4B40-8A41-6E27BB7064B8}"
EndProject
Project("{FAE04EC0-301F-11D3-BF4B-00C04F79EFBC}") = "Notch.Data.Dapper", "Notch.Data.Dapper\Notch.Data.Dapper.csproj", "{36CC66E4-7642-4061-AB8D-73F5E7B44F60}"
EndProject
Project("{FAE04EC0-301F-11D3-BF4B-00C04F79EFBC}") = "Notch.Data.EntityFramework", "Notch.Data.EntityFramework\Notch.Data.EntityFramework.csproj", "{8765C650-5866-4914-8FFE-8640C2DB0395}"
EndProject
Project("{FAE04EC0-301F-11D3-BF4B-00C04F79EFBC}") = "Notch.Business", "Notch.Business\Notch.Business.csproj", "{28114EBB-44F3-43A2-8FE6-E4CFE90DFA4F}"
EndProject
Project("{FAE04EC0-301F-11D3-BF4B-00C04F79EFBC}") = "Notch.Domain", "Notch.Domain\Notch.Domain.csproj", "{5AC764FA-46C8-49B1-B021-60F1E541F290}"
EndProject
Project("{00D1A9C2-B5F0-4AF3-8072-F6C62B433612}") = "Notch.Database", "Notch.Database\Notch.Database.sqlproj", "{11098DB7-6127-4B28-9BF1-09A5BA75190E}"
EndProject
Project("{FAE04EC0-301F-11D3-BF4B-00C04F79EFBC}") = "Notch.Data.Dapper.Entity", "Notch.Data.Dapper.Entity\Notch.Data.Dapper.Entity.csproj", "{7D585257-40FD-4F33-B657-68323E93E343}"
EndProject
Project("{FAE04EC0-301F-11D3-BF4B-00C04F79EFBC}") = "Notch.Data.EntityFramework.Entity", "Notch.Data.EntityFramework.Entity\Notch.Data.EntityFramework.Entity.csproj", "{441E96C5-E835-4F61-A6C2-8A596E91C2C0}"
EndProject
Project("{FAE04EC0-301F-11D3-BF4B-00C04F79EFBC}") = "Notch.Tests", "Notch.Tests\Notch.Tests.csproj", "{427E1F22-D26C-4048-89F1-8D2DAE9C276A}"
EndProject
Global
	GlobalSection(SolutionConfigurationPlatforms) = preSolution
		Debug|Any CPU = Debug|Any CPU
		Release|Any CPU = Release|Any CPU
	EndGlobalSection
	GlobalSection(ProjectConfigurationPlatforms) = postSolution
		{B25BC51E-EBA9-417A-8F04-1761BA09B778}.Debug|Any CPU.ActiveCfg = Debug|Any CPU
		{B25BC51E-EBA9-417A-8F04-1761BA09B778}.Debug|Any CPU.Build.0 = Debug|Any CPU
		{B25BC51E-EBA9-417A-8F04-1761BA09B778}.Release|Any CPU.ActiveCfg = Release|Any CPU
		{B25BC51E-EBA9-417A-8F04-1761BA09B778}.Release|Any CPU.Build.0 = Release|Any CPU
		{1D5C9738-E26E-458E-A6CC-F31C193C7B54}.Debug|Any CPU.ActiveCfg = Debug|Any CPU
		{1D5C9738-E26E-458E-A6CC-F31C193C7B54}.Debug|Any CPU.Build.0 = Debug|Any CPU
		{1D5C9738-E26E-458E-A6CC-F31C193C7B54}.Release|Any CPU.ActiveCfg = Release|Any CPU
		{1D5C9738-E26E-458E-A6CC-F31C193C7B54}.Release|Any CPU.Build.0 = Release|Any CPU
		{2A2900DA-AB37-4B40-8A41-6E27BB7064B8}.Debug|Any CPU.ActiveCfg = Debug|Any CPU
		{2A2900DA-AB37-4B40-8A41-6E27BB7064B8}.Debug|Any CPU.Build.0 = Debug|Any CPU
		{2A2900DA-AB37-4B40-8A41-6E27BB7064B8}.Release|Any CPU.ActiveCfg = Release|Any CPU
		{2A2900DA-AB37-4B40-8A41-6E27BB7064B8}.Release|Any CPU.Build.0 = Release|Any CPU
		{36CC66E4-7642-4061-AB8D-73F5E7B44F60}.Debug|Any CPU.ActiveCfg = Debug|Any CPU
		{36CC66E4-7642-4061-AB8D-73F5E7B44F60}.Debug|Any CPU.Build.0 = Debug|Any CPU
		{36CC66E4-7642-4061-AB8D-73F5E7B44F60}.Release|Any CPU.ActiveCfg = Release|Any CPU
		{36CC66E4-7642-4061-AB8D-73F5E7B44F60}.Release|Any CPU.Build.0 = Release|Any CPU
		{8765C650-5866-4914-8FFE-8640C2DB0395}.Debug|Any CPU.ActiveCfg = Debug|Any CPU
		{8765C650-5866-4914-8FFE-8640C2DB0395}.Debug|Any CPU.Build.0 = Debug|Any CPU
		{8765C650-5866-4914-8FFE-8640C2DB0395}.Release|Any CPU.ActiveCfg = Release|Any CPU
		{8765C650-5866-4914-8FFE-8640C2DB0395}.Release|Any CPU.Build.0 = Release|Any CPU
		{28114EBB-44F3-43A2-8FE6-E4CFE90DFA4F}.Debug|Any CPU.ActiveCfg = Debug|Any CPU
		{28114EBB-44F3-43A2-8FE6-E4CFE90DFA4F}.Debug|Any CPU.Build.0 = Debug|Any CPU
		{28114EBB-44F3-43A2-8FE6-E4CFE90DFA4F}.Release|Any CPU.ActiveCfg = Release|Any CPU
		{28114EBB-44F3-43A2-8FE6-E4CFE90DFA4F}.Release|Any CPU.Build.0 = Release|Any CPU
		{5AC764FA-46C8-49B1-B021-60F1E541F290}.Debug|Any CPU.ActiveCfg = Debug|Any CPU
		{5AC764FA-46C8-49B1-B021-60F1E541F290}.Debug|Any CPU.Build.0 = Debug|Any CPU
		{5AC764FA-46C8-49B1-B021-60F1E541F290}.Release|Any CPU.ActiveCfg = Release|Any CPU
		{5AC764FA-46C8-49B1-B021-60F1E541F290}.Release|Any CPU.Build.0 = Release|Any CPU
		{11098DB7-6127-4B28-9BF1-09A5BA75190E}.Debug|Any CPU.ActiveCfg = Debug|Any CPU
		{11098DB7-6127-4B28-9BF1-09A5BA75190E}.Debug|Any CPU.Build.0 = Debug|Any CPU
		{11098DB7-6127-4B28-9BF1-09A5BA75190E}.Debug|Any CPU.Deploy.0 = Debug|Any CPU
		{11098DB7-6127-4B28-9BF1-09A5BA75190E}.Release|Any CPU.ActiveCfg = Release|Any CPU
		{11098DB7-6127-4B28-9BF1-09A5BA75190E}.Release|Any CPU.Build.0 = Release|Any CPU
		{11098DB7-6127-4B28-9BF1-09A5BA75190E}.Release|Any CPU.Deploy.0 = Release|Any CPU
		{7D585257-40FD-4F33-B657-68323E93E343}.Debug|Any CPU.ActiveCfg = Debug|Any CPU
		{7D585257-40FD-4F33-B657-68323E93E343}.Debug|Any CPU.Build.0 = Debug|Any CPU
		{7D585257-40FD-4F33-B657-68323E93E343}.Release|Any CPU.ActiveCfg = Release|Any CPU
		{7D585257-40FD-4F33-B657-68323E93E343}.Release|Any CPU.Build.0 = Release|Any CPU
		{441E96C5-E835-4F61-A6C2-8A596E91C2C0}.Debug|Any CPU.ActiveCfg = Debug|Any CPU
		{441E96C5-E835-4F61-A6C2-8A596E91C2C0}.Debug|Any CPU.Build.0 = Debug|Any CPU
		{441E96C5-E835-4F61-A6C2-8A596E91C2C0}.Release|Any CPU.ActiveCfg = Release|Any CPU
		{441E96C5-E835-4F61-A6C2-8A596E91C2C0}.Release|Any CPU.Build.0 = Release|Any CPU
		{427E1F22-D26C-4048-89F1-8D2DAE9C276A}.Debug|Any CPU.ActiveCfg = Debug|Any CPU
		{427E1F22-D26C-4048-89F1-8D2DAE9C276A}.Debug|Any CPU.Build.0 = Debug|Any CPU
		{427E1F22-D26C-4048-89F1-8D2DAE9C276A}.Release|Any CPU.ActiveCfg = Release|Any CPU
		{427E1F22-D26C-4048-89F1-8D2DAE9C276A}.Release|Any CPU.Build.0 = Release|Any CPU
	EndGlobalSection
	GlobalSection(SolutionProperties) = preSolution
		HideSolutionNode = FALSE
	EndGlobalSection
EndGlobal
